// !$*UTF8*$!
{
	archiveVersion = 1;
	classes = {
	};
	objectVersion = 55;
	objects = {

/* Begin PBXBuildFile section */
		12DB56A8284FB085007A0D6F /* AppDelegate.swift in Sources */ = {isa = PBXBuildFile; fileRef = 12DB56A7284FB085007A0D6F /* AppDelegate.swift */; };
		12DB56AA284FB085007A0D6F /* SceneDelegate.swift in Sources */ = {isa = PBXBuildFile; fileRef = 12DB56A9284FB085007A0D6F /* SceneDelegate.swift */; };
		12DB56AC284FB085007A0D6F /* AuthVC.swift in Sources */ = {isa = PBXBuildFile; fileRef = 12DB56AB284FB085007A0D6F /* AuthVC.swift */; };
		12DB56AF284FB085007A0D6F /* Main.storyboard in Resources */ = {isa = PBXBuildFile; fileRef = 12DB56AD284FB085007A0D6F /* Main.storyboard */; };
		12DB56B1284FB087007A0D6F /* Assets.xcassets in Resources */ = {isa = PBXBuildFile; fileRef = 12DB56B0284FB087007A0D6F /* Assets.xcassets */; };
		12DB56B4284FB087007A0D6F /* LaunchScreen.storyboard in Resources */ = {isa = PBXBuildFile; fileRef = 12DB56B2284FB087007A0D6F /* LaunchScreen.storyboard */; };
		12DB56C0284FC15B007A0D6F /* Session.swift in Sources */ = {isa = PBXBuildFile; fileRef = 12DB56BF284FC15B007A0D6F /* Session.swift */; };
		12DB56C2284FC2F4007A0D6F /* FriendsVC.swift in Sources */ = {isa = PBXBuildFile; fileRef = 12DB56C1284FC2F4007A0D6F /* FriendsVC.swift */; };
		E044F219A8B8D4E2D97D5586 /* Pods_vk_nazar.framework in Frameworks */ = {isa = PBXBuildFile; fileRef = 59178E598F131D823C71A272 /* Pods_vk_nazar.framework */; };
/* End PBXBuildFile section */

/* Begin PBXFileReference section */
		12DB56A4284FB085007A0D6F /* vk-nazar.app */ = {isa = PBXFileReference; explicitFileType = wrapper.application; includeInIndex = 0; path = "vk-nazar.app"; sourceTree = BUILT_PRODUCTS_DIR; };
		12DB56A7284FB085007A0D6F /* AppDelegate.swift */ = {isa = PBXFileReference; lastKnownFileType = sourcecode.swift; path = AppDelegate.swift; sourceTree = "<group>"; };
		12DB56A9284FB085007A0D6F /* SceneDelegate.swift */ = {isa = PBXFileReference; lastKnownFileType = sourcecode.swift; path = SceneDelegate.swift; sourceTree = "<group>"; };
		12DB56AB284FB085007A0D6F /* AuthVC.swift */ = {isa = PBXFileReference; lastKnownFileType = sourcecode.swift; path = AuthVC.swift; sourceTree = "<group>"; };
		12DB56AE284FB085007A0D6F /* Base */ = {isa = PBXFileReference; lastKnownFileType = file.storyboard; name = Base; path = Base.lproj/Main.storyboard; sourceTree = "<group>"; };
		12DB56B0284FB087007A0D6F /* Assets.xcassets */ = {isa = PBXFileReference; lastKnownFileType = folder.assetcatalog; path = Assets.xcassets; sourceTree = "<group>"; };
		12DB56B3284FB087007A0D6F /* Base */ = {isa = PBXFileReference; lastKnownFileType = file.storyboard; name = Base; path = Base.lproj/LaunchScreen.storyboard; sourceTree = "<group>"; };
		12DB56B5284FB087007A0D6F /* Info.plist */ = {isa = PBXFileReference; lastKnownFileType = text.plist.xml; path = Info.plist; sourceTree = "<group>"; };
		12DB56BF284FC15B007A0D6F /* Session.swift */ = {isa = PBXFileReference; lastKnownFileType = sourcecode.swift; path = Session.swift; sourceTree = "<group>"; };
		12DB56C1284FC2F4007A0D6F /* FriendsVC.swift */ = {isa = PBXFileReference; lastKnownFileType = sourcecode.swift; path = FriendsVC.swift; sourceTree = "<group>"; };
		59178E598F131D823C71A272 /* Pods_vk_nazar.framework */ = {isa = PBXFileReference; explicitFileType = wrapper.framework; includeInIndex = 0; path = Pods_vk_nazar.framework; sourceTree = BUILT_PRODUCTS_DIR; };
		82BF432A775E15050C0B095F /* Pods-vk-nazar.debug.xcconfig */ = {isa = PBXFileReference; includeInIndex = 1; lastKnownFileType = text.xcconfig; name = "Pods-vk-nazar.debug.xcconfig"; path = "Target Support Files/Pods-vk-nazar/Pods-vk-nazar.debug.xcconfig"; sourceTree = "<group>"; };
		B8B10F76DB4489A823CD2275 /* Pods-vk-nazar.release.xcconfig */ = {isa = PBXFileReference; includeInIndex = 1; lastKnownFileType = text.xcconfig; name = "Pods-vk-nazar.release.xcconfig"; path = "Target Support Files/Pods-vk-nazar/Pods-vk-nazar.release.xcconfig"; sourceTree = "<group>"; };
/* End PBXFileReference section */

/* Begin PBXFrameworksBuildPhase section */
		12DB56A1284FB085007A0D6F /* Frameworks */ = {
			isa = PBXFrameworksBuildPhase;
			buildActionMask = 2147483647;
			files = (
				E044F219A8B8D4E2D97D5586 /* Pods_vk_nazar.framework in Frameworks */,
			);
			runOnlyForDeploymentPostprocessing = 0;
		};
/* End PBXFrameworksBuildPhase section */

/* Begin PBXGroup section */
		12DB569B284FB085007A0D6F = {
			isa = PBXGroup;
			children = (
				12DB56A6284FB085007A0D6F /* vk-nazar */,
				12DB56A5284FB085007A0D6F /* Products */,
				B45C823804C04B3DE6863549 /* Pods */,
				4775EF1C554F1550460AC967 /* Frameworks */,
			);
			sourceTree = "<group>";
		};
		12DB56A5284FB085007A0D6F /* Products */ = {
			isa = PBXGroup;
			children = (
				12DB56A4284FB085007A0D6F /* vk-nazar.app */,
			);
			name = Products;
			sourceTree = "<group>";
		};
		12DB56A6284FB085007A0D6F /* vk-nazar */ = {
			isa = PBXGroup;
			children = (
				12DB56BB284FB09A007A0D6F /* Core */,
				12DB56BC284FB0AC007A0D6F /* Screens */,
				12DB56BE284FC146007A0D6F /* Services */,
				12DB56BD284FB0C5007A0D6F /* Resources */,
			);
			path = "vk-nazar";
			sourceTree = "<group>";
		};
		12DB56BB284FB09A007A0D6F /* Core */ = {
			isa = PBXGroup;
			children = (
				12DB56A7284FB085007A0D6F /* AppDelegate.swift */,
				12DB56A9284FB085007A0D6F /* SceneDelegate.swift */,
			);
			path = Core;
			sourceTree = "<group>";
		};
		12DB56BC284FB0AC007A0D6F /* Screens */ = {
			isa = PBXGroup;
			children = (
				12DB56AB284FB085007A0D6F /* AuthVC.swift */,
				12DB56C1284FC2F4007A0D6F /* FriendsVC.swift */,
			);
			path = Screens;
			sourceTree = "<group>";
		};
		12DB56BD284FB0C5007A0D6F /* Resources */ = {
			isa = PBXGroup;
			children = (
				12DB56AD284FB085007A0D6F /* Main.storyboard */,
				12DB56B0284FB087007A0D6F /* Assets.xcassets */,
				12DB56B2284FB087007A0D6F /* LaunchScreen.storyboard */,
				12DB56B5284FB087007A0D6F /* Info.plist */,
			);
			path = Resources;
			sourceTree = "<group>";
		};
		12DB56BE284FC146007A0D6F /* Services */ = {
			isa = PBXGroup;
			children = (
				12DB56BF284FC15B007A0D6F /* Session.swift */,
			);
			path = Services;
			sourceTree = "<group>";
		};
		4775EF1C554F1550460AC967 /* Frameworks */ = {
			isa = PBXGroup;
			children = (
				59178E598F131D823C71A272 /* Pods_vk_nazar.framework */,
			);
			name = Frameworks;
			sourceTree = "<group>";
		};
		B45C823804C04B3DE6863549 /* Pods */ = {
			isa = PBXGroup;
			children = (
				82BF432A775E15050C0B095F /* Pods-vk-nazar.debug.xcconfig */,
				B8B10F76DB4489A823CD2275 /* Pods-vk-nazar.release.xcconfig */,
			);
			name = Pods;
			path = Pods;
			sourceTree = "<group>";
		};
/* End PBXGroup section */

/* Begin PBXNativeTarget section */
		12DB56A3284FB085007A0D6F /* vk-nazar */ = {
			isa = PBXNativeTarget;
			buildConfigurationList = 12DB56B8284FB087007A0D6F /* Build configuration list for PBXNativeTarget "vk-nazar" */;
			buildPhases = (
				570209D902D45CF992C8B60A /* [CP] Check Pods Manifest.lock */,
				12DB56A0284FB085007A0D6F /* Sources */,
				12DB56A1284FB085007A0D6F /* Frameworks */,
				12DB56A2284FB085007A0D6F /* Resources */,
				FBCC3E2D5CC5624EBCA2E953 /* [CP] Embed Pods Frameworks */,
			);
			buildRules = (
			);
			dependencies = (
			);
			name = "vk-nazar";
			productName = "vk-nazar";
			productReference = 12DB56A4284FB085007A0D6F /* vk-nazar.app */;
			productType = "com.apple.product-type.application";
		};
/* End PBXNativeTarget section */

/* Begin PBXProject section */
		12DB569C284FB085007A0D6F /* Project object */ = {
			isa = PBXProject;
			attributes = {
				BuildIndependentTargetsInParallel = 1;
				LastSwiftUpdateCheck = 1320;
				LastUpgradeCheck = 1320;
				TargetAttributes = {
					12DB56A3284FB085007A0D6F = {
						CreatedOnToolsVersion = 13.2.1;
					};
				};
			};
			buildConfigurationList = 12DB569F284FB085007A0D6F /* Build configuration list for PBXProject "vk-nazar" */;
			compatibilityVersion = "Xcode 13.0";
			developmentRegion = en;
			hasScannedForEncodings = 0;
			knownRegions = (
				en,
				Base,
			);
			mainGroup = 12DB569B284FB085007A0D6F;
			productRefGroup = 12DB56A5284FB085007A0D6F /* Products */;
			projectDirPath = "";
			projectRoot = "";
			targets = (
				12DB56A3284FB085007A0D6F /* vk-nazar */,
			);
		};
/* End PBXProject section */

/* Begin PBXResourcesBuildPhase section */
		12DB56A2284FB085007A0D6F /* Resources */ = {
			isa = PBXResourcesBuildPhase;
			buildActionMask = 2147483647;
			files = (
				12DB56B4284FB087007A0D6F /* LaunchScreen.storyboard in Resources */,
				12DB56B1284FB087007A0D6F /* Assets.xcassets in Resources */,
				12DB56AF284FB085007A0D6F /* Main.storyboard in Resources */,
			);
			runOnlyForDeploymentPostprocessing = 0;
		};
/* End PBXResourcesBuildPhase section */

/* Begin PBXShellScriptBuildPhase section */
		570209D902D45CF992C8B60A /* [CP] Check Pods Manifest.lock */ = {
			isa = PBXShellScriptBuildPhase;
			buildActionMask = 2147483647;
			files = (
			);
			inputFileListPaths = (
			);
			inputPaths = (
				"${PODS_PODFILE_DIR_PATH}/Podfile.lock",
				"${PODS_ROOT}/Manifest.lock",
			);
			name = "[CP] Check Pods Manifest.lock";
			outputFileListPaths = (
			);
			outputPaths = (
				"$(DERIVED_FILE_DIR)/Pods-vk-nazar-checkManifestLockResult.txt",
			);
			runOnlyForDeploymentPostprocessing = 0;
			shellPath = /bin/sh;
			shellScript = "diff \"${PODS_PODFILE_DIR_PATH}/Podfile.lock\" \"${PODS_ROOT}/Manifest.lock\" > /dev/null\nif [ $? != 0 ] ; then\n    # print error to STDERR\n    echo \"error: The sandbox is not in sync with the Podfile.lock. Run 'pod install' or update your CocoaPods installation.\" >&2\n    exit 1\nfi\n# This output is used by Xcode 'outputs' to avoid re-running this script phase.\necho \"SUCCESS\" > \"${SCRIPT_OUTPUT_FILE_0}\"\n";
			showEnvVarsInLog = 0;
		};
		FBCC3E2D5CC5624EBCA2E953 /* [CP] Embed Pods Frameworks */ = {
			isa = PBXShellScriptBuildPhase;
			buildActionMask = 2147483647;
			files = (
			);
			inputFileListPaths = (
				"${PODS_ROOT}/Target Support Files/Pods-vk-nazar/Pods-vk-nazar-frameworks-${CONFIGURATION}-input-files.xcfilelist",
			);
			name = "[CP] Embed Pods Frameworks";
			outputFileListPaths = (
				"${PODS_ROOT}/Target Support Files/Pods-vk-nazar/Pods-vk-nazar-frameworks-${CONFIGURATION}-output-files.xcfilelist",
			);
			runOnlyForDeploymentPostprocessing = 0;
			shellPath = /bin/sh;
			shellScript = "\"${PODS_ROOT}/Target Support Files/Pods-vk-nazar/Pods-vk-nazar-frameworks.sh\"\n";
			showEnvVarsInLog = 0;
		};
/* End PBXShellScriptBuildPhase section */

/* Begin PBXSourcesBuildPhase section */
		12DB56A0284FB085007A0D6F /* Sources */ = {
			isa = PBXSourcesBuildPhase;
			buildActionMask = 2147483647;
			files = (
				12DB56C0284FC15B007A0D6F /* Session.swift in Sources */,
				12DB56AC284FB085007A0D6F /* AuthVC.swift in Sources */,
				12DB56A8284FB085007A0D6F /* AppDelegate.swift in Sources */,
				12DB56AA284FB085007A0D6F /* SceneDelegate.swift in Sources */,
				12DB56C2284FC2F4007A0D6F /* FriendsVC.swift in Sources */,
			);
			runOnlyForDeploymentPostprocessing = 0;
		};
/* End PBXSourcesBuildPhase section */

/* Begin PBXVariantGroup section */
		12DB56AD284FB085007A0D6F /* Main.storyboard */ = {
			isa = PBXVariantGroup;
			children = (
				12DB56AE284FB085007A0D6F /* Base */,
			);
			name = Main.storyboard;
			sourceTree = "<group>";
		};
		12DB56B2284FB087007A0D6F /* LaunchScreen.storyboard */ = {
			isa = PBXVariantGroup;
			children = (
				12DB56B3284FB087007A0D6F /* Base */,
			);
			name = LaunchScreen.storyboard;
			sourceTree = "<group>";
		};
/* End PBXVariantGroup section */

/* Begin XCBuildConfiguration section */
		12DB56B6284FB087007A0D6F /* Debug */ = {
			isa = XCBuildConfiguration;
			buildSettings = {
				ALWAYS_SEARCH_USER_PATHS = NO;
				CLANG_ANALYZER_NONNULL = YES;
				CLANG_ANALYZER_NUMBER_OBJECT_CONVERSION = YES_AGGRESSIVE;
				CLANG_CXX_LANGUAGE_STANDARD = "gnu++17";
				CLANG_CXX_LIBRARY = "libc++";
				CLANG_ENABLE_MODULES = YES;
				CLANG_ENABLE_OBJC_ARC = YES;
				CLANG_ENABLE_OBJC_WEAK = YES;
				CLANG_WARN_BLOCK_CAPTURE_AUTORELEASING = YES;
				CLANG_WARN_BOOL_CONVERSION = YES;
				CLANG_WARN_COMMA = YES;
				CLANG_WARN_CONSTANT_CONVERSION = YES;
				CLANG_WARN_DEPRECATED_OBJC_IMPLEMENTATIONS = YES;
				CLANG_WARN_DIRECT_OBJC_ISA_USAGE = YES_ERROR;
				CLANG_WARN_DOCUMENTATION_COMMENTS = YES;
				CLANG_WARN_EMPTY_BODY = YES;
				CLANG_WARN_ENUM_CONVERSION = YES;
				CLANG_WARN_INFINITE_RECURSION = YES;
				CLANG_WARN_INT_CONVERSION = YES;
				CLANG_WARN_NON_LITERAL_NULL_CONVERSION = YES;
				CLANG_WARN_OBJC_IMPLICIT_RETAIN_SELF = YES;
				CLANG_WARN_OBJC_LITERAL_CONVERSION = YES;
				CLANG_WARN_OBJC_ROOT_CLASS = YES_ERROR;
				CLANG_WARN_QUOTED_INCLUDE_IN_FRAMEWORK_HEADER = YES;
				CLANG_WARN_RANGE_LOOP_ANALYSIS = YES;
				CLANG_WARN_STRICT_PROTOTYPES = YES;
				CLANG_WARN_SUSPICIOUS_MOVE = YES;
				CLANG_WARN_UNGUARDED_AVAILABILITY = YES_AGGRESSIVE;
				CLANG_WARN_UNREACHABLE_CODE = YES;
				CLANG_WARN__DUPLICATE_METHOD_MATCH = YES;
				COPY_PHASE_STRIP = NO;
				DEBUG_INFORMATION_FORMAT = dwarf;
				ENABLE_STRICT_OBJC_MSGSEND = YES;
				ENABLE_TESTABILITY = YES;
				GCC_C_LANGUAGE_STANDARD = gnu11;
				GCC_DYNAMIC_NO_PIC = NO;
				GCC_NO_COMMON_BLOCKS = YES;
				GCC_OPTIMIZATION_LEVEL = 0;
				GCC_PREPROCESSOR_DEFINITIONS = (
					"DEBUG=1",
					"$(inherited)",
				);
				GCC_WARN_64_TO_32_BIT_CONVERSION = YES;
				GCC_WARN_ABOUT_RETURN_TYPE = YES_ERROR;
				GCC_WARN_UNDECLARED_SELECTOR = YES;
				GCC_WARN_UNINITIALIZED_AUTOS = YES_AGGRESSIVE;
				GCC_WARN_UNUSED_FUNCTION = YES;
				GCC_WARN_UNUSED_VARIABLE = YES;
				IPHONEOS_DEPLOYMENT_TARGET = 15.2;
				MTL_ENABLE_DEBUG_INFO = INCLUDE_SOURCE;
				MTL_FAST_MATH = YES;
				ONLY_ACTIVE_ARCH = YES;
				SDKROOT = iphoneos;
				SWIFT_ACTIVE_COMPILATION_CONDITIONS = DEBUG;
				SWIFT_OPTIMIZATION_LEVEL = "-Onone";
			};
			name = Debug;
		};
		12DB56B7284FB087007A0D6F /* Release */ = {
			isa = XCBuildConfiguration;
			buildSettings = {
				ALWAYS_SEARCH_USER_PATHS = NO;
				CLANG_ANALYZER_NONNULL = YES;
				CLANG_ANALYZER_NUMBER_OBJECT_CONVERSION = YES_AGGRESSIVE;
				CLANG_CXX_LANGUAGE_STANDARD = "gnu++17";
				CLANG_CXX_LIBRARY = "libc++";
				CLANG_ENABLE_MODULES = YES;
				CLANG_ENABLE_OBJC_ARC = YES;
				CLANG_ENABLE_OBJC_WEAK = YES;
				CLANG_WARN_BLOCK_CAPTURE_AUTORELEASING = YES;
				CLANG_WARN_BOOL_CONVERSION = YES;
				CLANG_WARN_COMMA = YES;
				CLANG_WARN_CONSTANT_CONVERSION = YES;
				CLANG_WARN_DEPRECATED_OBJC_IMPLEMENTATIONS = YES;
				CLANG_WARN_DIRECT_OBJC_ISA_USAGE = YES_ERROR;
				CLANG_WARN_DOCUMENTATION_COMMENTS = YES;
				CLANG_WARN_EMPTY_BODY = YES;
				CLANG_WARN_ENUM_CONVERSION = YES;
				CLANG_WARN_INFINITE_RECURSION = YES;
				CLANG_WARN_INT_CONVERSION = YES;
				CLANG_WARN_NON_LITERAL_NULL_CONVERSION = YES;
				CLANG_WARN_OBJC_IMPLICIT_RETAIN_SELF = YES;
				CLANG_WARN_OBJC_LITERAL_CONVERSION = YES;
				CLANG_WARN_OBJC_ROOT_CLASS = YES_ERROR;
				CLANG_WARN_QUOTED_INCLUDE_IN_FRAMEWORK_HEADER = YES;
				CLANG_WARN_RANGE_LOOP_ANALYSIS = YES;
				CLANG_WARN_STRICT_PROTOTYPES = YES;
				CLANG_WARN_SUSPICIOUS_MOVE = YES;
				CLANG_WARN_UNGUARDED_AVAILABILITY = YES_AGGRESSIVE;
				CLANG_WARN_UNREACHABLE_CODE = YES;
				CLANG_WARN__DUPLICATE_METHOD_MATCH = YES;
				COPY_PHASE_STRIP = NO;
				DEBUG_INFORMATION_FORMAT = "dwarf-with-dsym";
				ENABLE_NS_ASSERTIONS = NO;
				ENABLE_STRICT_OBJC_MSGSEND = YES;
				GCC_C_LANGUAGE_STANDARD = gnu11;
				GCC_NO_COMMON_BLOCKS = YES;
				GCC_WARN_64_TO_32_BIT_CONVERSION = YES;
				GCC_WARN_ABOUT_RETURN_TYPE = YES_ERROR;
				GCC_WARN_UNDECLARED_SELECTOR = YES;
				GCC_WARN_UNINITIALIZED_AUTOS = YES_AGGRESSIVE;
				GCC_WARN_UNUSED_FUNCTION = YES;
				GCC_WARN_UNUSED_VARIABLE = YES;
				IPHONEOS_DEPLOYMENT_TARGET = 15.2;
				MTL_ENABLE_DEBUG_INFO = NO;
				MTL_FAST_MATH = YES;
				SDKROOT = iphoneos;
				SWIFT_COMPILATION_MODE = wholemodule;
				SWIFT_OPTIMIZATION_LEVEL = "-O";
				VALIDATE_PRODUCT = YES;
			};
			name = Release;
		};
		12DB56B9284FB087007A0D6F /* Debug */ = {
			isa = XCBuildConfiguration;
			baseConfigurationReference = 82BF432A775E15050C0B095F /* Pods-vk-nazar.debug.xcconfig */;
			buildSettings = {
				ASSETCATALOG_COMPILER_APPICON_NAME = AppIcon;
				ASSETCATALOG_COMPILER_GLOBAL_ACCENT_COLOR_NAME = AccentColor;
				CODE_SIGN_STYLE = Automatic;
				CURRENT_PROJECT_VERSION = 1;
				DEVELOPMENT_TEAM = 77XX2PXRV7;
				GENERATE_INFOPLIST_FILE = YES;
				INFOPLIST_FILE = "vk-nazar/Resources/Info.plist";
				INFOPLIST_KEY_UIApplicationSupportsIndirectInputEvents = YES;
				INFOPLIST_KEY_UILaunchStoryboardName = LaunchScreen;
				INFOPLIST_KEY_UIMainStoryboardFile = Main;
				INFOPLIST_KEY_UISupportedInterfaceOrientations_iPad = "UIInterfaceOrientationPortrait UIInterfaceOrientationPortraitUpsideDown UIInterfaceOrientationLandscapeLeft UIInterfaceOrientationLandscapeRight";
				INFOPLIST_KEY_UISupportedInterfaceOrientations_iPhone = "UIInterfaceOrientationPortrait UIInterfaceOrientationLandscapeLeft UIInterfaceOrientationLandscapeRight";
				LD_RUNPATH_SEARCH_PATHS = (
					"$(inherited)",
					"@executable_path/Frameworks",
				);
				MARKETING_VERSION = 1.0;
				PRODUCT_BUNDLE_IDENTIFIER = "com.arturlector.vk-nazar";
				PRODUCT_NAME = "$(TARGET_NAME)";
				SWIFT_EMIT_LOC_STRINGS = YES;
				SWIFT_VERSION = 5.0;
				TARGETED_DEVICE_FAMILY = "1,2";
			};
			name = Debug;
		};
		12DB56BA284FB087007A0D6F /* Release */ = {
			isa = XCBuildConfiguration;
			baseConfigurationReference = B8B10F76DB4489A823CD2275 /* Pods-vk-nazar.release.xcconfig */;
			buildSettings = {
				ASSETCATALOG_COMPILER_APPICON_NAME = AppIcon;
				ASSETCATALOG_COMPILER_GLOBAL_ACCENT_COLOR_NAME = AccentColor;
				CODE_SIGN_STYLE = Automatic;
				CURRENT_PROJECT_VERSION = 1;
				DEVELOPMENT_TEAM = 77XX2PXRV7;
				GENERATE_INFOPLIST_FILE = YES;
				INFOPLIST_FILE = "vk-nazar/Resources/Info.plist";
				INFOPLIST_KEY_UIApplicationSupportsIndirectInputEvents = YES;
				INFOPLIST_KEY_UILaunchStoryboardName = LaunchScreen;
				INFOPLIST_KEY_UIMainStoryboardFile = Main;
				INFOPLIST_KEY_UISupportedInterfaceOrientations_iPad = "UIInterfaceOrientationPortrait UIInterfaceOrientationPortraitUpsideDown UIInterfaceOrientationLandscapeLeft UIInterfaceOrientationLandscapeRight";
				INFOPLIST_KEY_UISupportedInterfaceOrientations_iPhone = "UIInterfaceOrientationPortrait UIInterfaceOrientationLandscapeLeft UIInterfaceOrientationLandscapeRight";
				LD_RUNPATH_SEARCH_PATHS = (
					"$(inherited)",
					"@executable_path/Frameworks",
				);
				MARKETING_VERSION = 1.0;
				PRODUCT_BUNDLE_IDENTIFIER = "com.arturlector.vk-nazar";
				PRODUCT_NAME = "$(TARGET_NAME)";
				SWIFT_EMIT_LOC_STRINGS = YES;
				SWIFT_VERSION = 5.0;
				TARGETED_DEVICE_FAMILY = "1,2";
			};
			name = Release;
		};
/* End XCBuildConfiguration section */

/* Begin XCConfigurationList section */
		12DB569F284FB085007A0D6F /* Build configuration list for PBXProject "vk-nazar" */ = {
			isa = XCConfigurationList;
			buildConfigurations = (
				12DB56B6284FB087007A0D6F /* Debug */,
				12DB56B7284FB087007A0D6F /* Release */,
			);
			defaultConfigurationIsVisible = 0;
			defaultConfigurationName = Release;
		};
		12DB56B8284FB087007A0D6F /* Build configuration list for PBXNativeTarget "vk-nazar" */ = {
			isa = XCConfigurationList;
			buildConfigurations = (
				12DB56B9284FB087007A0D6F /* Debug */,
				12DB56BA284FB087007A0D6F /* Release */,
			);
			defaultConfigurationIsVisible = 0;
			defaultConfigurationName = Release;
		};
/* End XCConfigurationList section */
	};
	rootObject = 12DB569C284FB085007A0D6F /* Project object */;
}
